// !$*UTF8*$!
{
	archiveVersion = 1;
	classes = {
	};
	objectVersion = 51;
	objects = {

/* Begin PBXBuildFile section */
		3807222C25F59D4000F32BEB /* NewsViewController.swift in Sources */ = {isa = PBXBuildFile; fileRef = 3807222B25F59D4000F32BEB /* NewsViewController.swift */; };
		382C8EA325F57DCF00C61FA0 /* AppDelegate.swift in Sources */ = {isa = PBXBuildFile; fileRef = 382C8EA225F57DCF00C61FA0 /* AppDelegate.swift */; };
		382C8EA525F57DCF00C61FA0 /* SceneDelegate.swift in Sources */ = {isa = PBXBuildFile; fileRef = 382C8EA425F57DCF00C61FA0 /* SceneDelegate.swift */; };
		382C8EAC25F57DD000C61FA0 /* Assets.xcassets in Resources */ = {isa = PBXBuildFile; fileRef = 382C8EAB25F57DD000C61FA0 /* Assets.xcassets */; };
		382C8EAF25F57DD000C61FA0 /* LaunchScreen.storyboard in Resources */ = {isa = PBXBuildFile; fileRef = 382C8EAD25F57DD000C61FA0 /* LaunchScreen.storyboard */; };
		388BC02B26054DB40073957D /* VisualizeNewsViewController.swift in Sources */ = {isa = PBXBuildFile; fileRef = 388BC02A26054DB40073957D /* VisualizeNewsViewController.swift */; };
		38A672D025FFFC4800BEB3CD /* NewsTableViewCell.swift in Sources */ = {isa = PBXBuildFile; fileRef = 38A672CF25FFFC4800BEB3CD /* NewsTableViewCell.swift */; };
		38A672D5260001C400BEB3CD /* String+Ext.swift in Sources */ = {isa = PBXBuildFile; fileRef = 38A672D4260001C400BEB3CD /* String+Ext.swift */; };
		38C0C89C25F5A8DA00C961FB /* NewsModel.swift in Sources */ = {isa = PBXBuildFile; fileRef = 38C0C89B25F5A8DA00C961FB /* NewsModel.swift */; };
		38C0C8A125F5AC2500C961FB /* SFYNetworking.swift in Sources */ = {isa = PBXBuildFile; fileRef = 38C0C8A025F5AC2500C961FB /* SFYNetworking.swift */; };
		38C0C8A625F5AC9100C961FB /* NewsService.swift in Sources */ = {isa = PBXBuildFile; fileRef = 38C0C8A525F5AC9100C961FB /* NewsService.swift */; };
		EA6FCB7C6082CE03F67A687E /* Pods_Spacefy.framework in Frameworks */ = {isa = PBXBuildFile; fileRef = C9B085F82635AEDBF51CD47A /* Pods_Spacefy.framework */; };
/* End PBXBuildFile section */

/* Begin PBXFileReference section */
		3807222B25F59D4000F32BEB /* NewsViewController.swift */ = {isa = PBXFileReference; lastKnownFileType = sourcecode.swift; path = NewsViewController.swift; sourceTree = "<group>"; };
		382C8E9F25F57DCF00C61FA0 /* Spacefy.app */ = {isa = PBXFileReference; explicitFileType = wrapper.application; includeInIndex = 0; path = Spacefy.app; sourceTree = BUILT_PRODUCTS_DIR; };
		382C8EA225F57DCF00C61FA0 /* AppDelegate.swift */ = {isa = PBXFileReference; lastKnownFileType = sourcecode.swift; path = AppDelegate.swift; sourceTree = "<group>"; };
		382C8EA425F57DCF00C61FA0 /* SceneDelegate.swift */ = {isa = PBXFileReference; lastKnownFileType = sourcecode.swift; path = SceneDelegate.swift; sourceTree = "<group>"; };
		382C8EAB25F57DD000C61FA0 /* Assets.xcassets */ = {isa = PBXFileReference; lastKnownFileType = folder.assetcatalog; path = Assets.xcassets; sourceTree = "<group>"; };
		382C8EAE25F57DD000C61FA0 /* Base */ = {isa = PBXFileReference; lastKnownFileType = file.storyboard; name = Base; path = Base.lproj/LaunchScreen.storyboard; sourceTree = "<group>"; };
		382C8EB025F57DD000C61FA0 /* Info.plist */ = {isa = PBXFileReference; lastKnownFileType = text.plist.xml; path = Info.plist; sourceTree = "<group>"; };
		388BC02A26054DB40073957D /* VisualizeNewsViewController.swift */ = {isa = PBXFileReference; lastKnownFileType = sourcecode.swift; path = VisualizeNewsViewController.swift; sourceTree = "<group>"; };
		38A672CF25FFFC4800BEB3CD /* NewsTableViewCell.swift */ = {isa = PBXFileReference; lastKnownFileType = sourcecode.swift; path = NewsTableViewCell.swift; sourceTree = "<group>"; };
		38A672D4260001C400BEB3CD /* String+Ext.swift */ = {isa = PBXFileReference; lastKnownFileType = sourcecode.swift; path = "String+Ext.swift"; sourceTree = "<group>"; };
		38C0C89B25F5A8DA00C961FB /* NewsModel.swift */ = {isa = PBXFileReference; lastKnownFileType = sourcecode.swift; path = NewsModel.swift; sourceTree = "<group>"; };
		38C0C8A025F5AC2500C961FB /* SFYNetworking.swift */ = {isa = PBXFileReference; lastKnownFileType = sourcecode.swift; path = SFYNetworking.swift; sourceTree = "<group>"; };
		38C0C8A525F5AC9100C961FB /* NewsService.swift */ = {isa = PBXFileReference; lastKnownFileType = sourcecode.swift; path = NewsService.swift; sourceTree = "<group>"; };
		451DEACBAFD27B828A34A608 /* Pods-Spacefy.release.xcconfig */ = {isa = PBXFileReference; includeInIndex = 1; lastKnownFileType = text.xcconfig; name = "Pods-Spacefy.release.xcconfig"; path = "Target Support Files/Pods-Spacefy/Pods-Spacefy.release.xcconfig"; sourceTree = "<group>"; };
		787DE6E5313A97291017984D /* Pods-Spacefy.debug.xcconfig */ = {isa = PBXFileReference; includeInIndex = 1; lastKnownFileType = text.xcconfig; name = "Pods-Spacefy.debug.xcconfig"; path = "Target Support Files/Pods-Spacefy/Pods-Spacefy.debug.xcconfig"; sourceTree = "<group>"; };
		C9B085F82635AEDBF51CD47A /* Pods_Spacefy.framework */ = {isa = PBXFileReference; explicitFileType = wrapper.framework; includeInIndex = 0; path = Pods_Spacefy.framework; sourceTree = BUILT_PRODUCTS_DIR; };
/* End PBXFileReference section */

/* Begin PBXFrameworksBuildPhase section */
		382C8E9C25F57DCF00C61FA0 /* Frameworks */ = {
			isa = PBXFrameworksBuildPhase;
			buildActionMask = 2147483647;
			files = (
				EA6FCB7C6082CE03F67A687E /* Pods_Spacefy.framework in Frameworks */,
			);
			runOnlyForDeploymentPostprocessing = 0;
		};
/* End PBXFrameworksBuildPhase section */

/* Begin PBXGroup section */
		2166BD0EBAD30235FE333686 /* Frameworks */ = {
			isa = PBXGroup;
			children = (
				C9B085F82635AEDBF51CD47A /* Pods_Spacefy.framework */,
			);
			name = Frameworks;
			sourceTree = "<group>";
		};
		3807222A25F59D0A00F32BEB /* Scenes */ = {
			isa = PBXGroup;
			children = (
				3807223325F59F9300F32BEB /* News */,
			);
			path = Scenes;
			sourceTree = "<group>";
		};
		3807223325F59F9300F32BEB /* News */ = {
			isa = PBXGroup;
			children = (
				3807222B25F59D4000F32BEB /* NewsViewController.swift */,
				388BC02A26054DB40073957D /* VisualizeNewsViewController.swift */,
			);
			path = News;
			sourceTree = "<group>";
		};
		382C8E9625F57DCF00C61FA0 = {
			isa = PBXGroup;
			children = (
				382C8EA125F57DCF00C61FA0 /* Spacefy */,
				382C8EA025F57DCF00C61FA0 /* Products */,
				99DA05B5DE255AE5BCC61E44 /* Pods */,
				2166BD0EBAD30235FE333686 /* Frameworks */,
			);
			sourceTree = "<group>";
		};
		382C8EA025F57DCF00C61FA0 /* Products */ = {
			isa = PBXGroup;
			children = (
				382C8E9F25F57DCF00C61FA0 /* Spacefy.app */,
			);
			name = Products;
			sourceTree = "<group>";
		};
		382C8EA125F57DCF00C61FA0 /* Spacefy */ = {
			isa = PBXGroup;
			children = (
				382C8EB825F57DF500C61FA0 /* Support */,
				38A672CD25FFFC2400BEB3CD /* Components */,
				3807222A25F59D0A00F32BEB /* Scenes */,
				38C0C89925F5A8C000C961FB /* Networking */,
				38A672D3260001B300BEB3CD /* Utilis */,
			);
			path = Spacefy;
			sourceTree = "<group>";
		};
		382C8EB825F57DF500C61FA0 /* Support */ = {
			isa = PBXGroup;
			children = (
				382C8EA225F57DCF00C61FA0 /* AppDelegate.swift */,
				382C8EA425F57DCF00C61FA0 /* SceneDelegate.swift */,
				382C8EAB25F57DD000C61FA0 /* Assets.xcassets */,
				382C8EAD25F57DD000C61FA0 /* LaunchScreen.storyboard */,
				382C8EB025F57DD000C61FA0 /* Info.plist */,
			);
			path = Support;
			sourceTree = "<group>";
		};
		38A672CD25FFFC2400BEB3CD /* Components */ = {
			isa = PBXGroup;
			children = (
				38A672CE25FFFC3500BEB3CD /* Cells */,
			);
			path = Components;
			sourceTree = "<group>";
		};
		38A672CE25FFFC3500BEB3CD /* Cells */ = {
			isa = PBXGroup;
			children = (
				38A672CF25FFFC4800BEB3CD /* NewsTableViewCell.swift */,
			);
			path = Cells;
			sourceTree = "<group>";
		};
		38A672D3260001B300BEB3CD /* Utilis */ = {
			isa = PBXGroup;
			children = (
				38A672D4260001C400BEB3CD /* String+Ext.swift */,
			);
			path = Utilis;
			sourceTree = "<group>";
		};
		38C0C89925F5A8C000C961FB /* Networking */ = {
			isa = PBXGroup;
			children = (
				38C0C89F25F5AC0700C961FB /* Definitions */,
				38C0C89A25F5A8D100C961FB /* Models */,
				38C0C8A425F5AC8300C961FB /* Services */,
			);
			path = Networking;
			sourceTree = "<group>";
		};
		38C0C89A25F5A8D100C961FB /* Models */ = {
			isa = PBXGroup;
			children = (
				38C0C89B25F5A8DA00C961FB /* NewsModel.swift */,
			);
			path = Models;
			sourceTree = "<group>";
		};
		38C0C89F25F5AC0700C961FB /* Definitions */ = {
			isa = PBXGroup;
			children = (
				38C0C8A025F5AC2500C961FB /* SFYNetworking.swift */,
			);
			path = Definitions;
			sourceTree = "<group>";
		};
		38C0C8A425F5AC8300C961FB /* Services */ = {
			isa = PBXGroup;
			children = (
				38C0C8A525F5AC9100C961FB /* NewsService.swift */,
			);
			path = Services;
			sourceTree = "<group>";
		};
		99DA05B5DE255AE5BCC61E44 /* Pods */ = {
			isa = PBXGroup;
			children = (
				787DE6E5313A97291017984D /* Pods-Spacefy.debug.xcconfig */,
				451DEACBAFD27B828A34A608 /* Pods-Spacefy.release.xcconfig */,
			);
			path = Pods;
			sourceTree = "<group>";
		};
/* End PBXGroup section */

/* Begin PBXNativeTarget section */
		382C8E9E25F57DCF00C61FA0 /* Spacefy */ = {
			isa = PBXNativeTarget;
			buildConfigurationList = 382C8EB325F57DD000C61FA0 /* Build configuration list for PBXNativeTarget "Spacefy" */;
			buildPhases = (
				A8C9FAF415433C5A762997AA /* [CP] Check Pods Manifest.lock */,
				382C8E9B25F57DCF00C61FA0 /* Sources */,
				382C8E9C25F57DCF00C61FA0 /* Frameworks */,
				382C8E9D25F57DCF00C61FA0 /* Resources */,
				039647DA82E727351A62F0B0 /* [CP] Embed Pods Frameworks */,
			);
			buildRules = (
			);
			dependencies = (
			);
			name = Spacefy;
			productName = Spacefy;
			productReference = 382C8E9F25F57DCF00C61FA0 /* Spacefy.app */;
			productType = "com.apple.product-type.application";
		};
/* End PBXNativeTarget section */

/* Begin PBXProject section */
		382C8E9725F57DCF00C61FA0 /* Project object */ = {
			isa = PBXProject;
			attributes = {
				LastSwiftUpdateCheck = 1240;
				LastUpgradeCheck = 1240;
				TargetAttributes = {
					382C8E9E25F57DCF00C61FA0 = {
						CreatedOnToolsVersion = 12.4;
					};
				};
			};
			buildConfigurationList = 382C8E9A25F57DCF00C61FA0 /* Build configuration list for PBXProject "Spacefy" */;
			compatibilityVersion = "Xcode 9.3";
			developmentRegion = en;
			hasScannedForEncodings = 0;
			knownRegions = (
				en,
				Base,
			);
			mainGroup = 382C8E9625F57DCF00C61FA0;
			productRefGroup = 382C8EA025F57DCF00C61FA0 /* Products */;
			projectDirPath = "";
			projectRoot = "";
			targets = (
				382C8E9E25F57DCF00C61FA0 /* Spacefy */,
			);
		};
/* End PBXProject section */

/* Begin PBXResourcesBuildPhase section */
		382C8E9D25F57DCF00C61FA0 /* Resources */ = {
			isa = PBXResourcesBuildPhase;
			buildActionMask = 2147483647;
			files = (
				382C8EAF25F57DD000C61FA0 /* LaunchScreen.storyboard in Resources */,
				382C8EAC25F57DD000C61FA0 /* Assets.xcassets in Resources */,
			);
			runOnlyForDeploymentPostprocessing = 0;
		};
/* End PBXResourcesBuildPhase section */

/* Begin PBXShellScriptBuildPhase section */
		039647DA82E727351A62F0B0 /* [CP] Embed Pods Frameworks */ = {
			isa = PBXShellScriptBuildPhase;
			buildActionMask = 2147483647;
			files = (
			);
			inputFileListPaths = (
				"${PODS_ROOT}/Target Support Files/Pods-Spacefy/Pods-Spacefy-frameworks-${CONFIGURATION}-input-files.xcfilelist",
			);
			name = "[CP] Embed Pods Frameworks";
			outputFileListPaths = (
				"${PODS_ROOT}/Target Support Files/Pods-Spacefy/Pods-Spacefy-frameworks-${CONFIGURATION}-output-files.xcfilelist",
			);
			runOnlyForDeploymentPostprocessing = 0;
			shellPath = /bin/sh;
			shellScript = "\"${PODS_ROOT}/Target Support Files/Pods-Spacefy/Pods-Spacefy-frameworks.sh\"\n";
			showEnvVarsInLog = 0;
		};
		A8C9FAF415433C5A762997AA /* [CP] Check Pods Manifest.lock */ = {
			isa = PBXShellScriptBuildPhase;
			buildActionMask = 2147483647;
			files = (
			);
			inputFileListPaths = (
			);
			inputPaths = (
				"${PODS_PODFILE_DIR_PATH}/Podfile.lock",
				"${PODS_ROOT}/Manifest.lock",
			);
			name = "[CP] Check Pods Manifest.lock";
			outputFileListPaths = (
			);
			outputPaths = (
				"$(DERIVED_FILE_DIR)/Pods-Spacefy-checkManifestLockResult.txt",
			);
			runOnlyForDeploymentPostprocessing = 0;
			shellPath = /bin/sh;
			shellScript = "diff \"${PODS_PODFILE_DIR_PATH}/Podfile.lock\" \"${PODS_ROOT}/Manifest.lock\" > /dev/null\nif [ $? != 0 ] ; then\n    # print error to STDERR\n    echo \"error: The sandbox is not in sync with the Podfile.lock. Run 'pod install' or update your CocoaPods installation.\" >&2\n    exit 1\nfi\n# This output is used by Xcode 'outputs' to avoid re-running this script phase.\necho \"SUCCESS\" > \"${SCRIPT_OUTPUT_FILE_0}\"\n";
			showEnvVarsInLog = 0;
		};
/* End PBXShellScriptBuildPhase section */

/* Begin PBXSourcesBuildPhase section */
		382C8E9B25F57DCF00C61FA0 /* Sources */ = {
			isa = PBXSourcesBuildPhase;
			buildActionMask = 2147483647;
			files = (
				38C0C8A625F5AC9100C961FB /* NewsService.swift in Sources */,
				38A672D025FFFC4800BEB3CD /* NewsTableViewCell.swift in Sources */,
				38C0C89C25F5A8DA00C961FB /* NewsModel.swift in Sources */,
				3807222C25F59D4000F32BEB /* NewsViewController.swift in Sources */,
				382C8EA325F57DCF00C61FA0 /* AppDelegate.swift in Sources */,
				382C8EA525F57DCF00C61FA0 /* SceneDelegate.swift in Sources */,
				38A672D5260001C400BEB3CD /* String+Ext.swift in Sources */,
				38C0C8A125F5AC2500C961FB /* SFYNetworking.swift in Sources */,
				388BC02B26054DB40073957D /* VisualizeNewsViewController.swift in Sources */,
			);
			runOnlyForDeploymentPostprocessing = 0;
		};
/* End PBXSourcesBuildPhase section */

/* Begin PBXVariantGroup section */
		382C8EAD25F57DD000C61FA0 /* LaunchScreen.storyboard */ = {
			isa = PBXVariantGroup;
			children = (
				382C8EAE25F57DD000C61FA0 /* Base */,
			);
			name = LaunchScreen.storyboard;
			sourceTree = "<group>";
		};
/* End PBXVariantGroup section */

/* Begin XCBuildConfiguration section */
		382C8EB125F57DD000C61FA0 /* Debug */ = {
			isa = XCBuildConfiguration;
			buildSettings = {
				ALWAYS_SEARCH_USER_PATHS = NO;
				CLANG_ANALYZER_NONNULL = YES;
				CLANG_ANALYZER_NUMBER_OBJECT_CONVERSION = YES_AGGRESSIVE;
				CLANG_CXX_LANGUAGE_STANDARD = "gnu++14";
				CLANG_CXX_LIBRARY = "libc++";
				CLANG_ENABLE_MODULES = YES;
				CLANG_ENABLE_OBJC_ARC = YES;
				CLANG_ENABLE_OBJC_WEAK = YES;
				CLANG_WARN_BLOCK_CAPTURE_AUTORELEASING = YES;
				CLANG_WARN_BOOL_CONVERSION = YES;
				CLANG_WARN_COMMA = YES;
				CLANG_WARN_CONSTANT_CONVERSION = YES;
				CLANG_WARN_DEPRECATED_OBJC_IMPLEMENTATIONS = YES;
				CLANG_WARN_DIRECT_OBJC_ISA_USAGE = YES_ERROR;
				CLANG_WARN_DOCUMENTATION_COMMENTS = YES;
				CLANG_WARN_EMPTY_BODY = YES;
				CLANG_WARN_ENUM_CONVERSION = YES;
				CLANG_WARN_INFINITE_RECURSION = YES;
				CLANG_WARN_INT_CONVERSION = YES;
				CLANG_WARN_NON_LITERAL_NULL_CONVERSION = YES;
				CLANG_WARN_OBJC_IMPLICIT_RETAIN_SELF = YES;
				CLANG_WARN_OBJC_LITERAL_CONVERSION = YES;
				CLANG_WARN_OBJC_ROOT_CLASS = YES_ERROR;
				CLANG_WARN_QUOTED_INCLUDE_IN_FRAMEWORK_HEADER = YES;
				CLANG_WARN_RANGE_LOOP_ANALYSIS = YES;
				CLANG_WARN_STRICT_PROTOTYPES = YES;
				CLANG_WARN_SUSPICIOUS_MOVE = YES;
				CLANG_WARN_UNGUARDED_AVAILABILITY = YES_AGGRESSIVE;
				CLANG_WARN_UNREACHABLE_CODE = YES;
				CLANG_WARN__DUPLICATE_METHOD_MATCH = YES;
				COPY_PHASE_STRIP = NO;
				DEBUG_INFORMATION_FORMAT = dwarf;
				ENABLE_STRICT_OBJC_MSGSEND = YES;
				ENABLE_TESTABILITY = YES;
				GCC_C_LANGUAGE_STANDARD = gnu11;
				GCC_DYNAMIC_NO_PIC = NO;
				GCC_NO_COMMON_BLOCKS = YES;
				GCC_OPTIMIZATION_LEVEL = 0;
				GCC_PREPROCESSOR_DEFINITIONS = (
					"DEBUG=1",
					"$(inherited)",
				);
				GCC_WARN_64_TO_32_BIT_CONVERSION = YES;
				GCC_WARN_ABOUT_RETURN_TYPE = YES_ERROR;
				GCC_WARN_UNDECLARED_SELECTOR = YES;
				GCC_WARN_UNINITIALIZED_AUTOS = YES_AGGRESSIVE;
				GCC_WARN_UNUSED_FUNCTION = YES;
				GCC_WARN_UNUSED_VARIABLE = YES;
				IPHONEOS_DEPLOYMENT_TARGET = 14.4;
				MTL_ENABLE_DEBUG_INFO = INCLUDE_SOURCE;
				MTL_FAST_MATH = YES;
				ONLY_ACTIVE_ARCH = YES;
				SDKROOT = iphoneos;
				SWIFT_ACTIVE_COMPILATION_CONDITIONS = DEBUG;
				SWIFT_OPTIMIZATION_LEVEL = "-Onone";
			};
			name = Debug;
		};
		382C8EB225F57DD000C61FA0 /* Release */ = {
			isa = XCBuildConfiguration;
			buildSettings = {
				ALWAYS_SEARCH_USER_PATHS = NO;
				CLANG_ANALYZER_NONNULL = YES;
				CLANG_ANALYZER_NUMBER_OBJECT_CONVERSION = YES_AGGRESSIVE;
				CLANG_CXX_LANGUAGE_STANDARD = "gnu++14";
				CLANG_CXX_LIBRARY = "libc++";
				CLANG_ENABLE_MODULES = YES;
				CLANG_ENABLE_OBJC_ARC = YES;
				CLANG_ENABLE_OBJC_WEAK = YES;
				CLANG_WARN_BLOCK_CAPTURE_AUTORELEASING = YES;
				CLANG_WARN_BOOL_CONVERSION = YES;
				CLANG_WARN_COMMA = YES;
				CLANG_WARN_CONSTANT_CONVERSION = YES;
				CLANG_WARN_DEPRECATED_OBJC_IMPLEMENTATIONS = YES;
				CLANG_WARN_DIRECT_OBJC_ISA_USAGE = YES_ERROR;
				CLANG_WARN_DOCUMENTATION_COMMENTS = YES;
				CLANG_WARN_EMPTY_BODY = YES;
				CLANG_WARN_ENUM_CONVERSION = YES;
				CLANG_WARN_INFINITE_RECURSION = YES;
				CLANG_WARN_INT_CONVERSION = YES;
				CLANG_WARN_NON_LITERAL_NULL_CONVERSION = YES;
				CLANG_WARN_OBJC_IMPLICIT_RETAIN_SELF = YES;
				CLANG_WARN_OBJC_LITERAL_CONVERSION = YES;
				CLANG_WARN_OBJC_ROOT_CLASS = YES_ERROR;
				CLANG_WARN_QUOTED_INCLUDE_IN_FRAMEWORK_HEADER = YES;
				CLANG_WARN_RANGE_LOOP_ANALYSIS = YES;
				CLANG_WARN_STRICT_PROTOTYPES = YES;
				CLANG_WARN_SUSPICIOUS_MOVE = YES;
				CLANG_WARN_UNGUARDED_AVAILABILITY = YES_AGGRESSIVE;
				CLANG_WARN_UNREACHABLE_CODE = YES;
				CLANG_WARN__DUPLICATE_METHOD_MATCH = YES;
				COPY_PHASE_STRIP = NO;
				DEBUG_INFORMATION_FORMAT = "dwarf-with-dsym";
				ENABLE_NS_ASSERTIONS = NO;
				ENABLE_STRICT_OBJC_MSGSEND = YES;
				GCC_C_LANGUAGE_STANDARD = gnu11;
				GCC_NO_COMMON_BLOCKS = YES;
				GCC_WARN_64_TO_32_BIT_CONVERSION = YES;
				GCC_WARN_ABOUT_RETURN_TYPE = YES_ERROR;
				GCC_WARN_UNDECLARED_SELECTOR = YES;
				GCC_WARN_UNINITIALIZED_AUTOS = YES_AGGRESSIVE;
				GCC_WARN_UNUSED_FUNCTION = YES;
				GCC_WARN_UNUSED_VARIABLE = YES;
				IPHONEOS_DEPLOYMENT_TARGET = 14.4;
				MTL_ENABLE_DEBUG_INFO = NO;
				MTL_FAST_MATH = YES;
				SDKROOT = iphoneos;
				SWIFT_COMPILATION_MODE = wholemodule;
				SWIFT_OPTIMIZATION_LEVEL = "-O";
				VALIDATE_PRODUCT = YES;
			};
			name = Release;
		};
		382C8EB425F57DD000C61FA0 /* Debug */ = {
			isa = XCBuildConfiguration;
			baseConfigurationReference = 787DE6E5313A97291017984D /* Pods-Spacefy.debug.xcconfig */;
			buildSettings = {
				ASSETCATALOG_COMPILER_APPICON_NAME = AppIcon;
				ASSETCATALOG_COMPILER_GLOBAL_ACCENT_COLOR_NAME = AccentColor;
				CODE_SIGN_STYLE = Automatic;
				DEVELOPMENT_TEAM = H574TJ3JKS;
				INFOPLIST_FILE = Spacefy/Support/Info.plist;
				IPHONEOS_DEPLOYMENT_TARGET = 13.0;
				LD_RUNPATH_SEARCH_PATHS = (
					"$(inherited)",
					"@executable_path/Frameworks",
				);
				PRODUCT_BUNDLE_IDENTIFIER = com.adolphopiazza.Spacefy;
				PRODUCT_NAME = "$(TARGET_NAME)";
				SWIFT_VERSION = 5.0;
				TARGETED_DEVICE_FAMILY = 1;
			};
			name = Debug;
		};
		382C8EB525F57DD000C61FA0 /* Release */ = {
			isa = XCBuildConfiguration;
			baseConfigurationReference = 451DEACBAFD27B828A34A608 /* Pods-Spacefy.release.xcconfig */;
			buildSettings = {
				ASSETCATALOG_COMPILER_APPICON_NAME = AppIcon;
				ASSETCATALOG_COMPILER_GLOBAL_ACCENT_COLOR_NAME = AccentColor;
				CODE_SIGN_STYLE = Automatic;
				DEVELOPMENT_TEAM = H574TJ3JKS;
				INFOPLIST_FILE = Spacefy/Support/Info.plist;
				IPHONEOS_DEPLOYMENT_TARGET = 13.0;
				LD_RUNPATH_SEARCH_PATHS = (
					"$(inherited)",
					"@executable_path/Frameworks",
				);
				PRODUCT_BUNDLE_IDENTIFIER = com.adolphopiazza.Spacefy;
				PRODUCT_NAME = "$(TARGET_NAME)";
				SWIFT_VERSION = 5.0;
				TARGETED_DEVICE_FAMILY = 1;
			};
			name = Release;
		};
/* End XCBuildConfiguration section */

/* Begin XCConfigurationList section */
		382C8E9A25F57DCF00C61FA0 /* Build configuration list for PBXProject "Spacefy" */ = {
			isa = XCConfigurationList;
			buildConfigurations = (
				382C8EB125F57DD000C61FA0 /* Debug */,
				382C8EB225F57DD000C61FA0 /* Release */,
			);
			defaultConfigurationIsVisible = 0;
			defaultConfigurationName = Release;
		};
		382C8EB325F57DD000C61FA0 /* Build configuration list for PBXNativeTarget "Spacefy" */ = {
			isa = XCConfigurationList;
			buildConfigurations = (
				382C8EB425F57DD000C61FA0 /* Debug */,
				382C8EB525F57DD000C61FA0 /* Release */,
			);
			defaultConfigurationIsVisible = 0;
			defaultConfigurationName = Release;
		};
/* End XCConfigurationList section */
	};
	rootObject = 382C8E9725F57DCF00C61FA0 /* Project object */;
}
